
Microsoft Visual Studio Solution File, Format Version 12.00
# Visual Studio 15
VisualStudioVersion = 15.0.27703.2042
MinimumVisualStudioVersion = 10.0.40219.1
Project("{FAE04EC0-301F-11D3-BF4B-00C04F79EFBC}") = "ObserverPatternExApp", "ObserverPatternExApp\ObserverPatternExApp.csproj", "{09D8B9AB-CB2A-47BF-B77E-A5E3DDD34F3B}"
EndProject
Global
	GlobalSection(SolutionConfigurationPlatforms) = preSolution
		Debug|Any CPU = Debug|Any CPU
		Release|Any CPU = Release|Any CPU
	EndGlobalSection
	GlobalSection(ProjectConfigurationPlatforms) = postSolution
		{09D8B9AB-CB2A-47BF-B77E-A5E3DDD34F3B}.Debug|Any CPU.ActiveCfg = Debug|Any CPU
		{09D8B9AB-CB2A-47BF-B77E-A5E3DDD34F3B}.Debug|Any CPU.Build.0 = Debug|Any CPU
		{09D8B9AB-CB2A-47BF-B77E-A5E3DDD34F3B}.Release|Any CPU.ActiveCfg = Release|Any CPU
		{09D8B9AB-CB2A-47BF-B77E-A5E3DDD34F3B}.Release|Any CPU.Build.0 = Release|Any CPU
	EndGlobalSection
	GlobalSection(SolutionProperties) = preSolution
		HideSolutionNode = FALSE
	EndGlobalSection
	GlobalSection(ExtensibilityGlobals) = postSolution
		SolutionGuid = {699FD9B9-FE03-4BEC-9C72-93624BC30040}
	EndGlobalSection
EndGlobal
