
Microsoft Visual Studio Solution File, Format Version 12.00
# Visual Studio Version 16
VisualStudioVersion = 16.0.29123.88
MinimumVisualStudioVersion = 10.0.40219.1
Project("{FAE04EC0-301F-11D3-BF4B-00C04F79EFBC}") = "RepositoryPatternExWebApp", "RepositoryPatternExWebApp.csproj", "{B32590AF-9B92-4246-A2E6-85D5214BD380}"
EndProject
Global
	GlobalSection(SolutionConfigurationPlatforms) = preSolution
		Debug|Any CPU = Debug|Any CPU
		Release|Any CPU = Release|Any CPU
	EndGlobalSection
	GlobalSection(ProjectConfigurationPlatforms) = postSolution
		{B32590AF-9B92-4246-A2E6-85D5214BD380}.Debug|Any CPU.ActiveCfg = Debug|Any CPU
		{B32590AF-9B92-4246-A2E6-85D5214BD380}.Debug|Any CPU.Build.0 = Debug|Any CPU
		{B32590AF-9B92-4246-A2E6-85D5214BD380}.Release|Any CPU.ActiveCfg = Release|Any CPU
		{B32590AF-9B92-4246-A2E6-85D5214BD380}.Release|Any CPU.Build.0 = Release|Any CPU
	EndGlobalSection
	GlobalSection(SolutionProperties) = preSolution
		HideSolutionNode = FALSE
	EndGlobalSection
	GlobalSection(ExtensibilityGlobals) = postSolution
		SolutionGuid = {0989BA39-DAE5-4B46-A12E-0C0FAEBE21EE}
	EndGlobalSection
EndGlobal
